PODS:
  - CameraEngine (0.9.1)
  - GPUImage (0.1.7)

DEPENDENCIES:
  - CameraEngine
  - GPUImage

SPEC CHECKSUMS:
  CameraEngine: fa2d76cb7075fafdac37760b27856d2b73491790
  GPUImage: 733a5f0fab92df9de1c37ba9df520a833ccb406d

PODFILE CHECKSUM: 9083b6fd79518fd9ee862b35f0427ecb6532474f

COCOAPODS: 1.0.1
