// !$*UTF8*$!
{
	archiveVersion = 1;
	classes = {
	};
	objectVersion = 46;
	objects = {

/* Begin PBXBuildFile section */
		F666296B1CD9815700D61821 /* HCTakePhotoViewController.swift in Sources */ = {isa = PBXBuildFile; fileRef = F666296A1CD9815700D61821 /* HCTakePhotoViewController.swift */; };
		F69CA1F81CD8442700B5F054 /* AppDelegate.swift in Sources */ = {isa = PBXBuildFile; fileRef = F69CA1F71CD8442700B5F054 /* AppDelegate.swift */; };
		F69CA2011CD8442700B5F054 /* Assets.xcassets in Resources */ = {isa = PBXBuildFile; fileRef = F69CA2001CD8442700B5F054 /* Assets.xcassets */; };
		F69CA2041CD8442700B5F054 /* LaunchScreen.storyboard in Resources */ = {isa = PBXBuildFile; fileRef = F69CA2021CD8442700B5F054 /* LaunchScreen.storyboard */; };
		F69CA20C1CD845A700B5F054 /* HCCreateViewController.swift in Sources */ = {isa = PBXBuildFile; fileRef = F69CA20B1CD845A700B5F054 /* HCCreateViewController.swift */; };
		F69CA20E1CD845B800B5F054 /* HCViewHologramsViewController.swift in Sources */ = {isa = PBXBuildFile; fileRef = F69CA20D1CD845B800B5F054 /* HCViewHologramsViewController.swift */; };
		F69CA2101CD845C400B5F054 /* HCLearnViewController.swift in Sources */ = {isa = PBXBuildFile; fileRef = F69CA20F1CD845C400B5F054 /* HCLearnViewController.swift */; };
		F69CA2121CD845DC00B5F054 /* HCBuyViewController.swift in Sources */ = {isa = PBXBuildFile; fileRef = F69CA2111CD845DC00B5F054 /* HCBuyViewController.swift */; };
/* End PBXBuildFile section */

/* Begin PBXFileReference section */
		F666296A1CD9815700D61821 /* HCTakePhotoViewController.swift */ = {isa = PBXFileReference; fileEncoding = 4; lastKnownFileType = sourcecode.swift; path = HCTakePhotoViewController.swift; sourceTree = "<group>"; };
		F69CA1F41CD8442700B5F054 /* Holocraft.app */ = {isa = PBXFileReference; explicitFileType = wrapper.application; includeInIndex = 0; path = Holocraft.app; sourceTree = BUILT_PRODUCTS_DIR; };
		F69CA1F71CD8442700B5F054 /* AppDelegate.swift */ = {isa = PBXFileReference; lastKnownFileType = sourcecode.swift; path = AppDelegate.swift; sourceTree = "<group>"; };
		F69CA2001CD8442700B5F054 /* Assets.xcassets */ = {isa = PBXFileReference; lastKnownFileType = folder.assetcatalog; path = Assets.xcassets; sourceTree = "<group>"; };
		F69CA2031CD8442700B5F054 /* Base */ = {isa = PBXFileReference; lastKnownFileType = file.storyboard; name = Base; path = Base.lproj/LaunchScreen.storyboard; sourceTree = "<group>"; };
		F69CA2051CD8442700B5F054 /* Info.plist */ = {isa = PBXFileReference; lastKnownFileType = text.plist.xml; path = Info.plist; sourceTree = "<group>"; };
		F69CA20B1CD845A700B5F054 /* HCCreateViewController.swift */ = {isa = PBXFileReference; fileEncoding = 4; lastKnownFileType = sourcecode.swift; path = HCCreateViewController.swift; sourceTree = "<group>"; };
		F69CA20D1CD845B800B5F054 /* HCViewHologramsViewController.swift */ = {isa = PBXFileReference; fileEncoding = 4; lastKnownFileType = sourcecode.swift; path = HCViewHologramsViewController.swift; sourceTree = "<group>"; };
		F69CA20F1CD845C400B5F054 /* HCLearnViewController.swift */ = {isa = PBXFileReference; fileEncoding = 4; lastKnownFileType = sourcecode.swift; path = HCLearnViewController.swift; sourceTree = "<group>"; };
		F69CA2111CD845DC00B5F054 /* HCBuyViewController.swift */ = {isa = PBXFileReference; fileEncoding = 4; lastKnownFileType = sourcecode.swift; path = HCBuyViewController.swift; sourceTree = "<group>"; };
/* End PBXFileReference section */

/* Begin PBXFrameworksBuildPhase section */
		F69CA1F11CD8442700B5F054 /* Frameworks */ = {
			isa = PBXFrameworksBuildPhase;
			buildActionMask = 2147483647;
			files = (
			);
			runOnlyForDeploymentPostprocessing = 0;
		};
/* End PBXFrameworksBuildPhase section */

/* Begin PBXGroup section */
		F66629691CD97FC000D61821 /* Create */ = {
			isa = PBXGroup;
			children = (
				F666296A1CD9815700D61821 /* HCTakePhotoViewController.swift */,
			);
			name = Create;
			sourceTree = "<group>";
		};
		F69CA1EB1CD8442700B5F054 = {
			isa = PBXGroup;
			children = (
				F69CA1F61CD8442700B5F054 /* Holocraft */,
				F69CA1F51CD8442700B5F054 /* Products */,
			);
			sourceTree = "<group>";
		};
		F69CA1F51CD8442700B5F054 /* Products */ = {
			isa = PBXGroup;
			children = (
				F69CA1F41CD8442700B5F054 /* Holocraft.app */,
			);
			name = Products;
			sourceTree = "<group>";
		};
		F69CA1F61CD8442700B5F054 /* Holocraft */ = {
			isa = PBXGroup;
			children = (
				F69CA1F71CD8442700B5F054 /* AppDelegate.swift */,
				F66629691CD97FC000D61821 /* Create */,
				F69CA20B1CD845A700B5F054 /* HCCreateViewController.swift */,
				F69CA20D1CD845B800B5F054 /* HCViewHologramsViewController.swift */,
				F69CA20F1CD845C400B5F054 /* HCLearnViewController.swift */,
				F69CA2111CD845DC00B5F054 /* HCBuyViewController.swift */,
				F69CA2001CD8442700B5F054 /* Assets.xcassets */,
				F69CA2021CD8442700B5F054 /* LaunchScreen.storyboard */,
				F69CA2051CD8442700B5F054 /* Info.plist */,
			);
			path = Holocraft;
			sourceTree = "<group>";
		};
/* End PBXGroup section */

/* Begin PBXNativeTarget section */
		F69CA1F31CD8442700B5F054 /* Holocraft */ = {
			isa = PBXNativeTarget;
			buildConfigurationList = F69CA2081CD8442700B5F054 /* Build configuration list for PBXNativeTarget "Holocraft" */;
			buildPhases = (
				F69CA1F01CD8442700B5F054 /* Sources */,
				F69CA1F11CD8442700B5F054 /* Frameworks */,
				F69CA1F21CD8442700B5F054 /* Resources */,
			);
			buildRules = (
			);
			dependencies = (
			);
			name = Holocraft;
			productName = Holocraft;
			productReference = F69CA1F41CD8442700B5F054 /* Holocraft.app */;
			productType = "com.apple.product-type.application";
		};
/* End PBXNativeTarget section */

/* Begin PBXProject section */
		F69CA1EC1CD8442700B5F054 /* Project object */ = {
			isa = PBXProject;
			attributes = {
				LastSwiftUpdateCheck = 0730;
				LastUpgradeCheck = 0730;
				ORGANIZATIONNAME = Taniguchi;
				TargetAttributes = {
					F69CA1F31CD8442700B5F054 = {
						CreatedOnToolsVersion = 7.3;
						DevelopmentTeam = 3B3FT42G96;
					};
				};
			};
			buildConfigurationList = F69CA1EF1CD8442700B5F054 /* Build configuration list for PBXProject "Holocraft" */;
			compatibilityVersion = "Xcode 3.2";
			developmentRegion = English;
			hasScannedForEncodings = 0;
			knownRegions = (
				en,
				Base,
			);
			mainGroup = F69CA1EB1CD8442700B5F054;
			productRefGroup = F69CA1F51CD8442700B5F054 /* Products */;
			projectDirPath = "";
			projectRoot = "";
			targets = (
				F69CA1F31CD8442700B5F054 /* Holocraft */,
			);
		};
/* End PBXProject section */

/* Begin PBXResourcesBuildPhase section */
		F69CA1F21CD8442700B5F054 /* Resources */ = {
			isa = PBXResourcesBuildPhase;
			buildActionMask = 2147483647;
			files = (
				F69CA2041CD8442700B5F054 /* LaunchScreen.storyboard in Resources */,
				F69CA2011CD8442700B5F054 /* Assets.xcassets in Resources */,
			);
			runOnlyForDeploymentPostprocessing = 0;
		};
/* End PBXResourcesBuildPhase section */

/* Begin PBXSourcesBuildPhase section */
		F69CA1F01CD8442700B5F054 /* Sources */ = {
			isa = PBXSourcesBuildPhase;
			buildActionMask = 2147483647;
			files = (
				F69CA1F81CD8442700B5F054 /* AppDelegate.swift in Sources */,
				F69CA2121CD845DC00B5F054 /* HCBuyViewController.swift in Sources */,
				F69CA20C1CD845A700B5F054 /* HCCreateViewController.swift in Sources */,
				F666296B1CD9815700D61821 /* HCTakePhotoViewController.swift in Sources */,
				F69CA2101CD845C400B5F054 /* HCLearnViewController.swift in Sources */,
				F69CA20E1CD845B800B5F054 /* HCViewHologramsViewController.swift in Sources */,
			);
			runOnlyForDeploymentPostprocessing = 0;
		};
/* End PBXSourcesBuildPhase section */

/* Begin PBXVariantGroup section */
		F69CA2021CD8442700B5F054 /* LaunchScreen.storyboard */ = {
			isa = PBXVariantGroup;
			children = (
				F69CA2031CD8442700B5F054 /* Base */,
			);
			name = LaunchScreen.storyboard;
			sourceTree = "<group>";
		};
/* End PBXVariantGroup section */

/* Begin XCBuildConfiguration section */
		F69CA2061CD8442700B5F054 /* Debug */ = {
			isa = XCBuildConfiguration;
			buildSettings = {
				ALWAYS_SEARCH_USER_PATHS = NO;
				CLANG_ANALYZER_NONNULL = YES;
				CLANG_CXX_LANGUAGE_STANDARD = "gnu++0x";
				CLANG_CXX_LIBRARY = "libc++";
				CLANG_ENABLE_MODULES = YES;
				CLANG_ENABLE_OBJC_ARC = YES;
				CLANG_WARN_BOOL_CONVERSION = YES;
				CLANG_WARN_CONSTANT_CONVERSION = YES;
				CLANG_WARN_DIRECT_OBJC_ISA_USAGE = YES_ERROR;
				CLANG_WARN_EMPTY_BODY = YES;
				CLANG_WARN_ENUM_CONVERSION = YES;
				CLANG_WARN_INT_CONVERSION = YES;
				CLANG_WARN_OBJC_ROOT_CLASS = YES_ERROR;
				CLANG_WARN_UNREACHABLE_CODE = YES;
				CLANG_WARN__DUPLICATE_METHOD_MATCH = YES;
				"CODE_SIGN_IDENTITY[sdk=iphoneos*]" = "iPhone Developer";
				COPY_PHASE_STRIP = NO;
				DEBUG_INFORMATION_FORMAT = dwarf;
				ENABLE_STRICT_OBJC_MSGSEND = YES;
				ENABLE_TESTABILITY = YES;
				GCC_C_LANGUAGE_STANDARD = gnu99;
				GCC_DYNAMIC_NO_PIC = NO;
				GCC_NO_COMMON_BLOCKS = YES;
				GCC_OPTIMIZATION_LEVEL = 0;
				GCC_PREPROCESSOR_DEFINITIONS = (
					"DEBUG=1",
					"$(inherited)",
				);
				GCC_WARN_64_TO_32_BIT_CONVERSION = YES;
				GCC_WARN_ABOUT_RETURN_TYPE = YES_ERROR;
				GCC_WARN_UNDECLARED_SELECTOR = YES;
				GCC_WARN_UNINITIALIZED_AUTOS = YES_AGGRESSIVE;
				GCC_WARN_UNUSED_FUNCTION = YES;
				GCC_WARN_UNUSED_VARIABLE = YES;
				IPHONEOS_DEPLOYMENT_TARGET = 9.3;
				MTL_ENABLE_DEBUG_INFO = YES;
				ONLY_ACTIVE_ARCH = YES;
				SDKROOT = iphoneos;
				SWIFT_OPTIMIZATION_LEVEL = "-Onone";
			};
			name = Debug;
		};
		F69CA2071CD8442700B5F054 /* Release */ = {
			isa = XCBuildConfiguration;
			buildSettings = {
				ALWAYS_SEARCH_USER_PATHS = NO;
				CLANG_ANALYZER_NONNULL = YES;
				CLANG_CXX_LANGUAGE_STANDARD = "gnu++0x";
				CLANG_CXX_LIBRARY = "libc++";
				CLANG_ENABLE_MODULES = YES;
				CLANG_ENABLE_OBJC_ARC = YES;
				CLANG_WARN_BOOL_CONVERSION = YES;
				CLANG_WARN_CONSTANT_CONVERSION = YES;
				CLANG_WARN_DIRECT_OBJC_ISA_USAGE = YES_ERROR;
				CLANG_WARN_EMPTY_BODY = YES;
				CLANG_WARN_ENUM_CONVERSION = YES;
				CLANG_WARN_INT_CONVERSION = YES;
				CLANG_WARN_OBJC_ROOT_CLASS = YES_ERROR;
				CLANG_WARN_UNREACHABLE_CODE = YES;
				CLANG_WARN__DUPLICATE_METHOD_MATCH = YES;
				"CODE_SIGN_IDENTITY[sdk=iphoneos*]" = "iPhone Developer";
				COPY_PHASE_STRIP = NO;
				DEBUG_INFORMATION_FORMAT = "dwarf-with-dsym";
				ENABLE_NS_ASSERTIONS = NO;
				ENABLE_STRICT_OBJC_MSGSEND = YES;
				GCC_C_LANGUAGE_STANDARD = gnu99;
				GCC_NO_COMMON_BLOCKS = YES;
				GCC_WARN_64_TO_32_BIT_CONVERSION = YES;
				GCC_WARN_ABOUT_RETURN_TYPE = YES_ERROR;
				GCC_WARN_UNDECLARED_SELECTOR = YES;
				GCC_WARN_UNINITIALIZED_AUTOS = YES_AGGRESSIVE;
				GCC_WARN_UNUSED_FUNCTION = YES;
				GCC_WARN_UNUSED_VARIABLE = YES;
				IPHONEOS_DEPLOYMENT_TARGET = 9.3;
				MTL_ENABLE_DEBUG_INFO = NO;
				SDKROOT = iphoneos;
				VALIDATE_PRODUCT = YES;
			};
			name = Release;
		};
		F69CA2091CD8442700B5F054 /* Debug */ = {
			isa = XCBuildConfiguration;
			buildSettings = {
				ASSETCATALOG_COMPILER_APPICON_NAME = AppIcon;
				CODE_SIGN_IDENTITY = "iPhone Developer";
				"CODE_SIGN_IDENTITY[sdk=iphoneos*]" = "iPhone Developer";
				INFOPLIST_FILE = Holocraft/Info.plist;
				LD_RUNPATH_SEARCH_PATHS = "$(inherited) @executable_path/Frameworks";
				PRODUCT_BUNDLE_IDENTIFIER = com.laserclassroom.holocraftapp;
				PRODUCT_NAME = "$(TARGET_NAME)";
				PROVISIONING_PROFILE = "";
			};
			name = Debug;
		};
		F69CA20A1CD8442700B5F054 /* Release */ = {
			isa = XCBuildConfiguration;
			buildSettings = {
				ASSETCATALOG_COMPILER_APPICON_NAME = AppIcon;
				CODE_SIGN_IDENTITY = "iPhone Developer";
				"CODE_SIGN_IDENTITY[sdk=iphoneos*]" = "iPhone Developer";
				INFOPLIST_FILE = Holocraft/Info.plist;
				LD_RUNPATH_SEARCH_PATHS = "$(inherited) @executable_path/Frameworks";
				PRODUCT_BUNDLE_IDENTIFIER = com.laserclassroom.holocraftapp;
				PRODUCT_NAME = "$(TARGET_NAME)";
				PROVISIONING_PROFILE = "";
			};
			name = Release;
		};
/* End XCBuildConfiguration section */

/* Begin XCConfigurationList section */
		F69CA1EF1CD8442700B5F054 /* Build configuration list for PBXProject "Holocraft" */ = {
			isa = XCConfigurationList;
			buildConfigurations = (
				F69CA2061CD8442700B5F054 /* Debug */,
				F69CA2071CD8442700B5F054 /* Release */,
			);
			defaultConfigurationIsVisible = 0;
			defaultConfigurationName = Release;
		};
		F69CA2081CD8442700B5F054 /* Build configuration list for PBXNativeTarget "Holocraft" */ = {
			isa = XCConfigurationList;
			buildConfigurations = (
				F69CA2091CD8442700B5F054 /* Debug */,
				F69CA20A1CD8442700B5F054 /* Release */,
			);
			defaultConfigurationIsVisible = 0;
			defaultConfigurationName = Release;
		};
/* End XCConfigurationList section */
	};
	rootObject = F69CA1EC1CD8442700B5F054 /* Project object */;
}
